
Microsoft Visual Studio Solution File, Format Version 12.00
# Visual Studio Version 17
VisualStudioVersion = 17.1.32421.90
MinimumVisualStudioVersion = 10.0.40219.1
Project("{FAE04EC0-301F-11D3-BF4B-00C04F79EFBC}") = "IdentityServer.AuthServer", "IdentityServer.AuthServer\IdentityServer.AuthServer.csproj", "{B72A834D-CFF0-413D-B176-F825A503C499}"
EndProject
Project("{FAE04EC0-301F-11D3-BF4B-00C04F79EFBC}") = "IdentityServer.ClientOne", "IdentityServer.ClientOne\IdentityServer.ClientOne.csproj", "{32C38923-FC5D-42AB-B274-FB6991EF94AA}"
EndProject
Project("{FAE04EC0-301F-11D3-BF4B-00C04F79EFBC}") = "IdentityServer.ClientTwo", "IdentityServer.ClientTwo\IdentityServer.ClientTwo.csproj", "{77E3B3F9-889D-4DDD-B551-835ADAC6E7B2}"
EndProject
Project("{FAE04EC0-301F-11D3-BF4B-00C04F79EFBC}") = "IdentityServer.ApiOne", "IdentityServer.ApiOne\IdentityServer.ApiOne.csproj", "{2A9AD1AB-D1F8-4342-9C2C-2ECBC49E838F}"
EndProject
Project("{FAE04EC0-301F-11D3-BF4B-00C04F79EFBC}") = "IdentityServer.ApiTwo", "IdentityServer.ApiTwo\IdentityServer.ApiTwo.csproj", "{14CD58E6-E27C-4590-972E-DEFE90B80968}"
EndProject
Global
	GlobalSection(SolutionConfigurationPlatforms) = preSolution
		Debug|Any CPU = Debug|Any CPU
		Release|Any CPU = Release|Any CPU
	EndGlobalSection
	GlobalSection(ProjectConfigurationPlatforms) = postSolution
		{B72A834D-CFF0-413D-B176-F825A503C499}.Debug|Any CPU.ActiveCfg = Debug|Any CPU
		{B72A834D-CFF0-413D-B176-F825A503C499}.Debug|Any CPU.Build.0 = Debug|Any CPU
		{B72A834D-CFF0-413D-B176-F825A503C499}.Release|Any CPU.ActiveCfg = Release|Any CPU
		{B72A834D-CFF0-413D-B176-F825A503C499}.Release|Any CPU.Build.0 = Release|Any CPU
		{32C38923-FC5D-42AB-B274-FB6991EF94AA}.Debug|Any CPU.ActiveCfg = Debug|Any CPU
		{32C38923-FC5D-42AB-B274-FB6991EF94AA}.Debug|Any CPU.Build.0 = Debug|Any CPU
		{32C38923-FC5D-42AB-B274-FB6991EF94AA}.Release|Any CPU.ActiveCfg = Release|Any CPU
		{32C38923-FC5D-42AB-B274-FB6991EF94AA}.Release|Any CPU.Build.0 = Release|Any CPU
		{77E3B3F9-889D-4DDD-B551-835ADAC6E7B2}.Debug|Any CPU.ActiveCfg = Debug|Any CPU
		{77E3B3F9-889D-4DDD-B551-835ADAC6E7B2}.Debug|Any CPU.Build.0 = Debug|Any CPU
		{77E3B3F9-889D-4DDD-B551-835ADAC6E7B2}.Release|Any CPU.ActiveCfg = Release|Any CPU
		{77E3B3F9-889D-4DDD-B551-835ADAC6E7B2}.Release|Any CPU.Build.0 = Release|Any CPU
		{2A9AD1AB-D1F8-4342-9C2C-2ECBC49E838F}.Debug|Any CPU.ActiveCfg = Debug|Any CPU
		{2A9AD1AB-D1F8-4342-9C2C-2ECBC49E838F}.Debug|Any CPU.Build.0 = Debug|Any CPU
		{2A9AD1AB-D1F8-4342-9C2C-2ECBC49E838F}.Release|Any CPU.ActiveCfg = Release|Any CPU
		{2A9AD1AB-D1F8-4342-9C2C-2ECBC49E838F}.Release|Any CPU.Build.0 = Release|Any CPU
		{14CD58E6-E27C-4590-972E-DEFE90B80968}.Debug|Any CPU.ActiveCfg = Debug|Any CPU
		{14CD58E6-E27C-4590-972E-DEFE90B80968}.Debug|Any CPU.Build.0 = Debug|Any CPU
		{14CD58E6-E27C-4590-972E-DEFE90B80968}.Release|Any CPU.ActiveCfg = Release|Any CPU
		{14CD58E6-E27C-4590-972E-DEFE90B80968}.Release|Any CPU.Build.0 = Release|Any CPU
	EndGlobalSection
	GlobalSection(SolutionProperties) = preSolution
		HideSolutionNode = FALSE
	EndGlobalSection
	GlobalSection(ExtensibilityGlobals) = postSolution
		SolutionGuid = {A9141523-FE09-462F-966B-9709CDE1D02D}
	EndGlobalSection
EndGlobal
